
Microsoft Visual Studio Solution File, Format Version 12.00
# Visual Studio 2012
Project("{FAE04EC0-301F-11D3-BF4B-00C04F79EFBC}") = "TicketTracer", "TicketTracer\TicketTracer.csproj", "{CE8D2B4A-AFE4-4D82-8C8F-F9B4695E5214}"
EndProject
Global
	GlobalSection(SolutionConfigurationPlatforms) = preSolution
		Debug|Any CPU = Debug|Any CPU
		Release|Any CPU = Release|Any CPU
	EndGlobalSection
	GlobalSection(ProjectConfigurationPlatforms) = postSolution
		{CE8D2B4A-AFE4-4D82-8C8F-F9B4695E5214}.Debug|Any CPU.ActiveCfg = Debug|Any CPU
		{CE8D2B4A-AFE4-4D82-8C8F-F9B4695E5214}.Debug|Any CPU.Build.0 = Debug|Any CPU
		{CE8D2B4A-AFE4-4D82-8C8F-F9B4695E5214}.Release|Any CPU.ActiveCfg = Release|Any CPU
		{CE8D2B4A-AFE4-4D82-8C8F-F9B4695E5214}.Release|Any CPU.Build.0 = Release|Any CPU
	EndGlobalSection
	GlobalSection(SolutionProperties) = preSolution
		HideSolutionNode = FALSE
	EndGlobalSection
EndGlobal
